
Microsoft Visual Studio Solution File, Format Version 12.00
# Visual Studio Version 17
VisualStudioVersion = 17.13.35828.75
MinimumVisualStudioVersion = 10.0.40219.1
Project("{FAE04EC0-301F-11D3-BF4B-00C04F79EFBC}") = "DesignPatterns", "DesignPatterns\DesignPatterns.csproj", "{AE1F6F5C-E634-4CEC-9E8A-2A4EF846F7FA}"
EndProject
Project("{FAE04EC0-301F-11D3-BF4B-00C04F79EFBC}") = "DesignPatterns.Tests", "DesignPatterns.Tests\DesignPatterns.Tests.csproj", "{EC8B0D41-578A-4076-B6AC-B6C29257D9C6}"
EndProject
Global
	GlobalSection(SolutionConfigurationPlatforms) = preSolution
		Debug|Any CPU = Debug|Any CPU
		Release|Any CPU = Release|Any CPU
	EndGlobalSection
	GlobalSection(ProjectConfigurationPlatforms) = postSolution
		{AE1F6F5C-E634-4CEC-9E8A-2A4EF846F7FA}.Debug|Any CPU.ActiveCfg = Debug|Any CPU
		{AE1F6F5C-E634-4CEC-9E8A-2A4EF846F7FA}.Debug|Any CPU.Build.0 = Debug|Any CPU
		{AE1F6F5C-E634-4CEC-9E8A-2A4EF846F7FA}.Release|Any CPU.ActiveCfg = Release|Any CPU
		{AE1F6F5C-E634-4CEC-9E8A-2A4EF846F7FA}.Release|Any CPU.Build.0 = Release|Any CPU
		{EC8B0D41-578A-4076-B6AC-B6C29257D9C6}.Debug|Any CPU.ActiveCfg = Debug|Any CPU
		{EC8B0D41-578A-4076-B6AC-B6C29257D9C6}.Debug|Any CPU.Build.0 = Debug|Any CPU
		{EC8B0D41-578A-4076-B6AC-B6C29257D9C6}.Release|Any CPU.ActiveCfg = Release|Any CPU
		{EC8B0D41-578A-4076-B6AC-B6C29257D9C6}.Release|Any CPU.Build.0 = Release|Any CPU
	EndGlobalSection
	GlobalSection(SolutionProperties) = preSolution
		HideSolutionNode = FALSE
	EndGlobalSection
	GlobalSection(ExtensibilityGlobals) = postSolution
		SolutionGuid = {A61B901B-938A-4982-9622-6032CF458DCD}
	EndGlobalSection
EndGlobal
